
Microsoft Visual Studio Solution File, Format Version 12.00
# Visual Studio Version 17
VisualStudioVersion = 17.14.36518.9 d17.14
MinimumVisualStudioVersion = 10.0.40219.1
Project("{FAE04EC0-301F-11D3-BF4B-00C04F79EFBC}") = "ClassificacaoDeNotaEscolar", "ClassificacaoDeNotaEscolar\ClassificacaoDeNotaEscolar.csproj", "{0803128B-2464-41B6-9CAF-B6E17E95611D}"
EndProject
Global
	GlobalSection(SolutionConfigurationPlatforms) = preSolution
		Debug|Any CPU = Debug|Any CPU
		Release|Any CPU = Release|Any CPU
	EndGlobalSection
	GlobalSection(ProjectConfigurationPlatforms) = postSolution
		{0803128B-2464-41B6-9CAF-B6E17E95611D}.Debug|Any CPU.ActiveCfg = Debug|Any CPU
		{0803128B-2464-41B6-9CAF-B6E17E95611D}.Debug|Any CPU.Build.0 = Debug|Any CPU
		{0803128B-2464-41B6-9CAF-B6E17E95611D}.Release|Any CPU.ActiveCfg = Release|Any CPU
		{0803128B-2464-41B6-9CAF-B6E17E95611D}.Release|Any CPU.Build.0 = Release|Any CPU
	EndGlobalSection
	GlobalSection(SolutionProperties) = preSolution
		HideSolutionNode = FALSE
	EndGlobalSection
	GlobalSection(ExtensibilityGlobals) = postSolution
		SolutionGuid = {5BA18182-9758-4008-8ACD-E16D9A29EAE9}
	EndGlobalSection
EndGlobal
