
Microsoft Visual Studio Solution File, Format Version 12.00
# Visual Studio Version 17
VisualStudioVersion = 17.14.36518.9 d17.14
MinimumVisualStudioVersion = 10.0.40219.1
Project("{FAE04EC0-301F-11D3-BF4B-00C04F79EFBC}") = "ConversorTemperatura", "ConversorTemperatura\ConversorTemperatura.csproj", "{8E7E0530-D639-40DB-998C-8BA666483653}"
EndProject
Global
	GlobalSection(SolutionConfigurationPlatforms) = preSolution
		Debug|Any CPU = Debug|Any CPU
		Release|Any CPU = Release|Any CPU
	EndGlobalSection
	GlobalSection(ProjectConfigurationPlatforms) = postSolution
		{8E7E0530-D639-40DB-998C-8BA666483653}.Debug|Any CPU.ActiveCfg = Debug|Any CPU
		{8E7E0530-D639-40DB-998C-8BA666483653}.Debug|Any CPU.Build.0 = Debug|Any CPU
		{8E7E0530-D639-40DB-998C-8BA666483653}.Release|Any CPU.ActiveCfg = Release|Any CPU
		{8E7E0530-D639-40DB-998C-8BA666483653}.Release|Any CPU.Build.0 = Release|Any CPU
	EndGlobalSection
	GlobalSection(SolutionProperties) = preSolution
		HideSolutionNode = FALSE
	EndGlobalSection
	GlobalSection(ExtensibilityGlobals) = postSolution
		SolutionGuid = {7A8C8A9F-883B-4906-9AB8-2F77E8D3C91A}
	EndGlobalSection
EndGlobal
